
Microsoft Visual Studio Solution File, Format Version 12.00
# Visual Studio Version 17
VisualStudioVersion = 17.10.35013.160
MinimumVisualStudioVersion = 10.0.40219.1
Project("{FAE04EC0-301F-11D3-BF4B-00C04F79EFBC}") = "Snake", "Snake.csproj", "{711BD353-8363-4D33-B96F-81A25AEB89CD}"
EndProject
Global
	GlobalSection(SolutionConfigurationPlatforms) = preSolution
		Debug|Any CPU = Debug|Any CPU
		Release|Any CPU = Release|Any CPU
	EndGlobalSection
	GlobalSection(ProjectConfigurationPlatforms) = postSolution
		{711BD353-8363-4D33-B96F-81A25AEB89CD}.Debug|Any CPU.ActiveCfg = Debug|Any CPU
		{711BD353-8363-4D33-B96F-81A25AEB89CD}.Debug|Any CPU.Build.0 = Debug|Any CPU
		{711BD353-8363-4D33-B96F-81A25AEB89CD}.Release|Any CPU.ActiveCfg = Release|Any CPU
		{711BD353-8363-4D33-B96F-81A25AEB89CD}.Release|Any CPU.Build.0 = Release|Any CPU
	EndGlobalSection
	GlobalSection(SolutionProperties) = preSolution
		HideSolutionNode = FALSE
	EndGlobalSection
	GlobalSection(ExtensibilityGlobals) = postSolution
		SolutionGuid = {C72F0DA0-76A1-45BE-B2B2-82FD6097B80D}
	EndGlobalSection
EndGlobal
